
Microsoft Visual Studio Solution File, Format Version 12.00
# Visual Studio Version 17
VisualStudioVersion = 17.5.33530.505
MinimumVisualStudioVersion = 10.0.40219.1
Project("{FAE04EC0-301F-11D3-BF4B-00C04F79EFBC}") = "Interfaz_Servicio_Automotriz", "Interfaz_Servicio_Automotriz\Interfaz_Servicio_Automotriz.csproj", "{0E8E7E94-E6D1-4C7F-BA7D-FE6F2DBCC911}"
EndProject
Global
	GlobalSection(SolutionConfigurationPlatforms) = preSolution
		Debug|Any CPU = Debug|Any CPU
		Release|Any CPU = Release|Any CPU
	EndGlobalSection
	GlobalSection(ProjectConfigurationPlatforms) = postSolution
		{0E8E7E94-E6D1-4C7F-BA7D-FE6F2DBCC911}.Debug|Any CPU.ActiveCfg = Debug|Any CPU
		{0E8E7E94-E6D1-4C7F-BA7D-FE6F2DBCC911}.Debug|Any CPU.Build.0 = Debug|Any CPU
		{0E8E7E94-E6D1-4C7F-BA7D-FE6F2DBCC911}.Release|Any CPU.ActiveCfg = Release|Any CPU
		{0E8E7E94-E6D1-4C7F-BA7D-FE6F2DBCC911}.Release|Any CPU.Build.0 = Release|Any CPU
	EndGlobalSection
	GlobalSection(SolutionProperties) = preSolution
		HideSolutionNode = FALSE
	EndGlobalSection
	GlobalSection(ExtensibilityGlobals) = postSolution
		SolutionGuid = {39E51BF3-28B9-4792-9413-D2D4672AAAD9}
	EndGlobalSection
EndGlobal
